
Microsoft Visual Studio Solution File, Format Version 12.00
# Visual Studio Version 17
VisualStudioVersion = 17.8.34408.163
MinimumVisualStudioVersion = 10.0.40219.1
Project("{FAE04EC0-301F-11D3-BF4B-00C04F79EFBC}") = "Mission5Humphrey", "Mission5Humphrey\Mission5Humphrey.csproj", "{B2FD0B32-C9D2-4BE0-8239-8BF7BA7DDDE1}"
EndProject
Global
	GlobalSection(SolutionConfigurationPlatforms) = preSolution
		Debug|Any CPU = Debug|Any CPU
		Release|Any CPU = Release|Any CPU
	EndGlobalSection
	GlobalSection(ProjectConfigurationPlatforms) = postSolution
		{B2FD0B32-C9D2-4BE0-8239-8BF7BA7DDDE1}.Debug|Any CPU.ActiveCfg = Debug|Any CPU
		{B2FD0B32-C9D2-4BE0-8239-8BF7BA7DDDE1}.Debug|Any CPU.Build.0 = Debug|Any CPU
		{B2FD0B32-C9D2-4BE0-8239-8BF7BA7DDDE1}.Release|Any CPU.ActiveCfg = Release|Any CPU
		{B2FD0B32-C9D2-4BE0-8239-8BF7BA7DDDE1}.Release|Any CPU.Build.0 = Release|Any CPU
	EndGlobalSection
	GlobalSection(SolutionProperties) = preSolution
		HideSolutionNode = FALSE
	EndGlobalSection
	GlobalSection(ExtensibilityGlobals) = postSolution
		SolutionGuid = {014F7427-F85D-435D-8BA8-12EC2BC005BC}
	EndGlobalSection
EndGlobal
